
Microsoft Visual Studio Solution File, Format Version 12.00
# Visual Studio Version 16
VisualStudioVersion = 16.0.29613.14
MinimumVisualStudioVersion = 10.0.40219.1
Project("{FAE04EC0-301F-11D3-BF4B-00C04F79EFBC}") = "CustomJsonFormatter", "CustomJsonFormatter\CustomJsonFormatter.csproj", "{A73ABC36-2238-485C-87A9-C2825E0CB74F}"
EndProject
Global
	GlobalSection(SolutionConfigurationPlatforms) = preSolution
		Debug|Any CPU = Debug|Any CPU
		Release|Any CPU = Release|Any CPU
	EndGlobalSection
	GlobalSection(ProjectConfigurationPlatforms) = postSolution
		{A73ABC36-2238-485C-87A9-C2825E0CB74F}.Debug|Any CPU.ActiveCfg = Debug|Any CPU
		{A73ABC36-2238-485C-87A9-C2825E0CB74F}.Debug|Any CPU.Build.0 = Debug|Any CPU
		{A73ABC36-2238-485C-87A9-C2825E0CB74F}.Release|Any CPU.ActiveCfg = Release|Any CPU
		{A73ABC36-2238-485C-87A9-C2825E0CB74F}.Release|Any CPU.Build.0 = Release|Any CPU
	EndGlobalSection
	GlobalSection(SolutionProperties) = preSolution
		HideSolutionNode = FALSE
	EndGlobalSection
	GlobalSection(ExtensibilityGlobals) = postSolution
		SolutionGuid = {34B905AE-4FD7-48E8-91F8-E2457B081A8B}
	EndGlobalSection
EndGlobal
